
Microsoft Visual Studio Solution File, Format Version 12.00
Project("{FAE04EC0-301F-11D3-BF4B-00C04F79EFBC}") = "Se307", "Se307\Se307.csproj", "{8D7FE98F-E435-462E-BFE0-86C8199F3BBE}"
EndProject
Global
	GlobalSection(SolutionConfigurationPlatforms) = preSolution
		Debug|Any CPU = Debug|Any CPU
		Release|Any CPU = Release|Any CPU
	EndGlobalSection
	GlobalSection(ProjectConfigurationPlatforms) = postSolution
		{8D7FE98F-E435-462E-BFE0-86C8199F3BBE}.Debug|Any CPU.ActiveCfg = Debug|Any CPU
		{8D7FE98F-E435-462E-BFE0-86C8199F3BBE}.Debug|Any CPU.Build.0 = Debug|Any CPU
		{8D7FE98F-E435-462E-BFE0-86C8199F3BBE}.Release|Any CPU.ActiveCfg = Release|Any CPU
		{8D7FE98F-E435-462E-BFE0-86C8199F3BBE}.Release|Any CPU.Build.0 = Release|Any CPU
	EndGlobalSection
EndGlobal
